
Microsoft Visual Studio Solution File, Format Version 12.00
# Visual Studio Version 16
VisualStudioVersion = 16.0.30406.217
MinimumVisualStudioVersion = 15.0.26124.0
Project("{9A19103F-16F7-4668-BE54-9A1E7A4F7556}") = "MicroRabbitMQ.Domain.Core", "MicroRabbitMQ.Domain.Core\MicroRabbitMQ.Domain.Core.csproj", "{C68C1A0B-C4C0-4DD4-AD13-027B3FD731B3}"
EndProject
Project("{9A19103F-16F7-4668-BE54-9A1E7A4F7556}") = "MicroRabbitMQ.Infra.Bus", "MicroRabbitMQ.Infra.Bus\MicroRabbitMQ.Infra.Bus.csproj", "{71FADA3B-8358-4399-A9E9-F9727793D2B9}"
EndProject
Project("{9A19103F-16F7-4668-BE54-9A1E7A4F7556}") = "MicroRabbitMQ.Infra.Ioc", "MicroRabbitMQ.Infra.Ioc\MicroRabbitMQ.Infra.Ioc.csproj", "{DE8CF15F-C293-4E53-86BE-AD43A895992A}"
EndProject
Project("{2150E333-8FDC-42A3-9474-1A3956D46DE8}") = "Domain", "Domain", "{9A0C496D-23EC-4B35-871B-4A5F57B22F9E}"
EndProject
Project("{2150E333-8FDC-42A3-9474-1A3956D46DE8}") = "Infra.Bus", "Infra.Bus", "{C8151E28-089C-4DB8-81C9-B2B9B4B78E56}"
EndProject
Project("{2150E333-8FDC-42A3-9474-1A3956D46DE8}") = "Infra.Ioc", "Infra.Ioc", "{25D1B331-F773-4E01-A2E5-D3A76D6F4E1C}"
EndProject
Project("{2150E333-8FDC-42A3-9474-1A3956D46DE8}") = "Microservices", "Microservices", "{5C07C86B-AB5F-4343-8486-318914F63257}"
EndProject
Project("{2150E333-8FDC-42A3-9474-1A3956D46DE8}") = "Banking", "Banking", "{83FB0B3B-B161-4C2A-8760-1A08E6A6B756}"
EndProject
Project("{2150E333-8FDC-42A3-9474-1A3956D46DE8}") = "Api", "Api", "{63E84597-9DD8-4769-AAC6-7A7D0F86B030}"
EndProject
Project("{2150E333-8FDC-42A3-9474-1A3956D46DE8}") = "Domain", "Domain", "{6EA828E6-B279-4AB0-A127-61BCA8825845}"
EndProject
Project("{2150E333-8FDC-42A3-9474-1A3956D46DE8}") = "Application", "Application", "{BF1000A0-1DD1-4F97-867F-0C32141B51C7}"
EndProject
Project("{2150E333-8FDC-42A3-9474-1A3956D46DE8}") = "Data", "Data", "{59BCCABE-55E4-466A-9FC0-7C4DA046B68D}"
EndProject
Project("{FAE04EC0-301F-11D3-BF4B-00C04F79EFBC}") = "MicroRabbitMQ.Banking.Api", "MicroRabbitMQ.Banking.Api\MicroRabbitMQ.Banking.Api.csproj", "{6F25C69B-2E33-44F4-AEE9-44E3ACCB4CEC}"
EndProject
Project("{FAE04EC0-301F-11D3-BF4B-00C04F79EFBC}") = "MicroRabbitMQ.Banking.Application", "MicroRabbitMQ.Banking.Application\MicroRabbitMQ.Banking.Application.csproj", "{E51F4F6F-72BC-4A87-A4D8-5733E4E5FEB2}"
EndProject
Project("{FAE04EC0-301F-11D3-BF4B-00C04F79EFBC}") = "MicroRabbitMQ.Banking.Data", "MicroRabbitMQ.Banking.Data\MicroRabbitMQ.Banking.Data.csproj", "{FB2C19D9-8287-4258-9A46-96B3D5504743}"
EndProject
Project("{FAE04EC0-301F-11D3-BF4B-00C04F79EFBC}") = "MicroRabbitMQ.Banking.Domain", "MicroRabbitMQ.Banking.Domain\MicroRabbitMQ.Banking.Domain.csproj", "{7C574E67-2709-4419-BD9B-57230B32B84A}"
EndProject
Project("{2150E333-8FDC-42A3-9474-1A3956D46DE8}") = "Transfer", "Transfer", "{DC2F84E6-965F-416E-BC1C-37E264EC0C5A}"
EndProject
Project("{2150E333-8FDC-42A3-9474-1A3956D46DE8}") = "Api", "Api", "{7CF12FF5-BC19-481B-B4FF-F380C3B8D8A8}"
EndProject
Project("{2150E333-8FDC-42A3-9474-1A3956D46DE8}") = "Application", "Application", "{E41CE721-8E75-4805-B026-4EB90B26032D}"
EndProject
Project("{2150E333-8FDC-42A3-9474-1A3956D46DE8}") = "Domain", "Domain", "{12B92937-C084-456B-A055-49EDB6B3E2E2}"
EndProject
Project("{2150E333-8FDC-42A3-9474-1A3956D46DE8}") = "Data", "Data", "{CEAEA71F-34D8-4C03-80A7-F40681CEF81C}"
EndProject
Project("{FAE04EC0-301F-11D3-BF4B-00C04F79EFBC}") = "MicroRabbitMQ.Transfer.Api", "MicroRabbitMQ.Transfer.Api\MicroRabbitMQ.Transfer.Api.csproj", "{0D36FF28-AFD2-480D-936E-CD201DD4CA95}"
EndProject
Project("{FAE04EC0-301F-11D3-BF4B-00C04F79EFBC}") = "MicroRabbitMQ.Transfer.Application", "MicroRabbitMQ.Transfer.Application\MicroRabbitMQ.Transfer.Application.csproj", "{AAF0CC19-2696-4DD1-AB58-C1892675F992}"
EndProject
Project("{FAE04EC0-301F-11D3-BF4B-00C04F79EFBC}") = "MicroRabbitMQ.Transfer.Data", "MicroRabbitMQ.Transfer.Data\MicroRabbitMQ.Transfer.Data.csproj", "{C7F3DE7D-27C8-4027-B861-B2215F35B409}"
EndProject
Project("{FAE04EC0-301F-11D3-BF4B-00C04F79EFBC}") = "MicroRabbitMQ.Transfer.Domain", "MicroRabbitMQ.Transfer.Domain\MicroRabbitMQ.Transfer.Domain.csproj", "{59992789-05EB-4F8F-A7B5-F8F1A3C1FF3A}"
EndProject
Global
	GlobalSection(SolutionConfigurationPlatforms) = preSolution
		Debug|Any CPU = Debug|Any CPU
		Debug|x64 = Debug|x64
		Debug|x86 = Debug|x86
		Release|Any CPU = Release|Any CPU
		Release|x64 = Release|x64
		Release|x86 = Release|x86
	EndGlobalSection
	GlobalSection(ProjectConfigurationPlatforms) = postSolution
		{C68C1A0B-C4C0-4DD4-AD13-027B3FD731B3}.Debug|Any CPU.ActiveCfg = Debug|Any CPU
		{C68C1A0B-C4C0-4DD4-AD13-027B3FD731B3}.Debug|Any CPU.Build.0 = Debug|Any CPU
		{C68C1A0B-C4C0-4DD4-AD13-027B3FD731B3}.Debug|x64.ActiveCfg = Debug|Any CPU
		{C68C1A0B-C4C0-4DD4-AD13-027B3FD731B3}.Debug|x64.Build.0 = Debug|Any CPU
		{C68C1A0B-C4C0-4DD4-AD13-027B3FD731B3}.Debug|x86.ActiveCfg = Debug|Any CPU
		{C68C1A0B-C4C0-4DD4-AD13-027B3FD731B3}.Debug|x86.Build.0 = Debug|Any CPU
		{C68C1A0B-C4C0-4DD4-AD13-027B3FD731B3}.Release|Any CPU.ActiveCfg = Release|Any CPU
		{C68C1A0B-C4C0-4DD4-AD13-027B3FD731B3}.Release|Any CPU.Build.0 = Release|Any CPU
		{C68C1A0B-C4C0-4DD4-AD13-027B3FD731B3}.Release|x64.ActiveCfg = Release|Any CPU
		{C68C1A0B-C4C0-4DD4-AD13-027B3FD731B3}.Release|x64.Build.0 = Release|Any CPU
		{C68C1A0B-C4C0-4DD4-AD13-027B3FD731B3}.Release|x86.ActiveCfg = Release|Any CPU
		{C68C1A0B-C4C0-4DD4-AD13-027B3FD731B3}.Release|x86.Build.0 = Release|Any CPU
		{71FADA3B-8358-4399-A9E9-F9727793D2B9}.Debug|Any CPU.ActiveCfg = Debug|Any CPU
		{71FADA3B-8358-4399-A9E9-F9727793D2B9}.Debug|Any CPU.Build.0 = Debug|Any CPU
		{71FADA3B-8358-4399-A9E9-F9727793D2B9}.Debug|x64.ActiveCfg = Debug|Any CPU
		{71FADA3B-8358-4399-A9E9-F9727793D2B9}.Debug|x64.Build.0 = Debug|Any CPU
		{71FADA3B-8358-4399-A9E9-F9727793D2B9}.Debug|x86.ActiveCfg = Debug|Any CPU
		{71FADA3B-8358-4399-A9E9-F9727793D2B9}.Debug|x86.Build.0 = Debug|Any CPU
		{71FADA3B-8358-4399-A9E9-F9727793D2B9}.Release|Any CPU.ActiveCfg = Release|Any CPU
		{71FADA3B-8358-4399-A9E9-F9727793D2B9}.Release|Any CPU.Build.0 = Release|Any CPU
		{71FADA3B-8358-4399-A9E9-F9727793D2B9}.Release|x64.ActiveCfg = Release|Any CPU
		{71FADA3B-8358-4399-A9E9-F9727793D2B9}.Release|x64.Build.0 = Release|Any CPU
		{71FADA3B-8358-4399-A9E9-F9727793D2B9}.Release|x86.ActiveCfg = Release|Any CPU
		{71FADA3B-8358-4399-A9E9-F9727793D2B9}.Release|x86.Build.0 = Release|Any CPU
		{DE8CF15F-C293-4E53-86BE-AD43A895992A}.Debug|Any CPU.ActiveCfg = Debug|Any CPU
		{DE8CF15F-C293-4E53-86BE-AD43A895992A}.Debug|Any CPU.Build.0 = Debug|Any CPU
		{DE8CF15F-C293-4E53-86BE-AD43A895992A}.Debug|x64.ActiveCfg = Debug|Any CPU
		{DE8CF15F-C293-4E53-86BE-AD43A895992A}.Debug|x64.Build.0 = Debug|Any CPU
		{DE8CF15F-C293-4E53-86BE-AD43A895992A}.Debug|x86.ActiveCfg = Debug|Any CPU
		{DE8CF15F-C293-4E53-86BE-AD43A895992A}.Debug|x86.Build.0 = Debug|Any CPU
		{DE8CF15F-C293-4E53-86BE-AD43A895992A}.Release|Any CPU.ActiveCfg = Release|Any CPU
		{DE8CF15F-C293-4E53-86BE-AD43A895992A}.Release|Any CPU.Build.0 = Release|Any CPU
		{DE8CF15F-C293-4E53-86BE-AD43A895992A}.Release|x64.ActiveCfg = Release|Any CPU
		{DE8CF15F-C293-4E53-86BE-AD43A895992A}.Release|x64.Build.0 = Release|Any CPU
		{DE8CF15F-C293-4E53-86BE-AD43A895992A}.Release|x86.ActiveCfg = Release|Any CPU
		{DE8CF15F-C293-4E53-86BE-AD43A895992A}.Release|x86.Build.0 = Release|Any CPU
		{6F25C69B-2E33-44F4-AEE9-44E3ACCB4CEC}.Debug|Any CPU.ActiveCfg = Debug|Any CPU
		{6F25C69B-2E33-44F4-AEE9-44E3ACCB4CEC}.Debug|Any CPU.Build.0 = Debug|Any CPU
		{6F25C69B-2E33-44F4-AEE9-44E3ACCB4CEC}.Debug|x64.ActiveCfg = Debug|Any CPU
		{6F25C69B-2E33-44F4-AEE9-44E3ACCB4CEC}.Debug|x64.Build.0 = Debug|Any CPU
		{6F25C69B-2E33-44F4-AEE9-44E3ACCB4CEC}.Debug|x86.ActiveCfg = Debug|Any CPU
		{6F25C69B-2E33-44F4-AEE9-44E3ACCB4CEC}.Debug|x86.Build.0 = Debug|Any CPU
		{6F25C69B-2E33-44F4-AEE9-44E3ACCB4CEC}.Release|Any CPU.ActiveCfg = Release|Any CPU
		{6F25C69B-2E33-44F4-AEE9-44E3ACCB4CEC}.Release|Any CPU.Build.0 = Release|Any CPU
		{6F25C69B-2E33-44F4-AEE9-44E3ACCB4CEC}.Release|x64.ActiveCfg = Release|Any CPU
		{6F25C69B-2E33-44F4-AEE9-44E3ACCB4CEC}.Release|x64.Build.0 = Release|Any CPU
		{6F25C69B-2E33-44F4-AEE9-44E3ACCB4CEC}.Release|x86.ActiveCfg = Release|Any CPU
		{6F25C69B-2E33-44F4-AEE9-44E3ACCB4CEC}.Release|x86.Build.0 = Release|Any CPU
		{E51F4F6F-72BC-4A87-A4D8-5733E4E5FEB2}.Debug|Any CPU.ActiveCfg = Debug|Any CPU
		{E51F4F6F-72BC-4A87-A4D8-5733E4E5FEB2}.Debug|Any CPU.Build.0 = Debug|Any CPU
		{E51F4F6F-72BC-4A87-A4D8-5733E4E5FEB2}.Debug|x64.ActiveCfg = Debug|Any CPU
		{E51F4F6F-72BC-4A87-A4D8-5733E4E5FEB2}.Debug|x64.Build.0 = Debug|Any CPU
		{E51F4F6F-72BC-4A87-A4D8-5733E4E5FEB2}.Debug|x86.ActiveCfg = Debug|Any CPU
		{E51F4F6F-72BC-4A87-A4D8-5733E4E5FEB2}.Debug|x86.Build.0 = Debug|Any CPU
		{E51F4F6F-72BC-4A87-A4D8-5733E4E5FEB2}.Release|Any CPU.ActiveCfg = Release|Any CPU
		{E51F4F6F-72BC-4A87-A4D8-5733E4E5FEB2}.Release|Any CPU.Build.0 = Release|Any CPU
		{E51F4F6F-72BC-4A87-A4D8-5733E4E5FEB2}.Release|x64.ActiveCfg = Release|Any CPU
		{E51F4F6F-72BC-4A87-A4D8-5733E4E5FEB2}.Release|x64.Build.0 = Release|Any CPU
		{E51F4F6F-72BC-4A87-A4D8-5733E4E5FEB2}.Release|x86.ActiveCfg = Release|Any CPU
		{E51F4F6F-72BC-4A87-A4D8-5733E4E5FEB2}.Release|x86.Build.0 = Release|Any CPU
		{FB2C19D9-8287-4258-9A46-96B3D5504743}.Debug|Any CPU.ActiveCfg = Debug|Any CPU
		{FB2C19D9-8287-4258-9A46-96B3D5504743}.Debug|Any CPU.Build.0 = Debug|Any CPU
		{FB2C19D9-8287-4258-9A46-96B3D5504743}.Debug|x64.ActiveCfg = Debug|Any CPU
		{FB2C19D9-8287-4258-9A46-96B3D5504743}.Debug|x64.Build.0 = Debug|Any CPU
		{FB2C19D9-8287-4258-9A46-96B3D5504743}.Debug|x86.ActiveCfg = Debug|Any CPU
		{FB2C19D9-8287-4258-9A46-96B3D5504743}.Debug|x86.Build.0 = Debug|Any CPU
		{FB2C19D9-8287-4258-9A46-96B3D5504743}.Release|Any CPU.ActiveCfg = Release|Any CPU
		{FB2C19D9-8287-4258-9A46-96B3D5504743}.Release|Any CPU.Build.0 = Release|Any CPU
		{FB2C19D9-8287-4258-9A46-96B3D5504743}.Release|x64.ActiveCfg = Release|Any CPU
		{FB2C19D9-8287-4258-9A46-96B3D5504743}.Release|x64.Build.0 = Release|Any CPU
		{FB2C19D9-8287-4258-9A46-96B3D5504743}.Release|x86.ActiveCfg = Release|Any CPU
		{FB2C19D9-8287-4258-9A46-96B3D5504743}.Release|x86.Build.0 = Release|Any CPU
		{7C574E67-2709-4419-BD9B-57230B32B84A}.Debug|Any CPU.ActiveCfg = Debug|Any CPU
		{7C574E67-2709-4419-BD9B-57230B32B84A}.Debug|Any CPU.Build.0 = Debug|Any CPU
		{7C574E67-2709-4419-BD9B-57230B32B84A}.Debug|x64.ActiveCfg = Debug|Any CPU
		{7C574E67-2709-4419-BD9B-57230B32B84A}.Debug|x64.Build.0 = Debug|Any CPU
		{7C574E67-2709-4419-BD9B-57230B32B84A}.Debug|x86.ActiveCfg = Debug|Any CPU
		{7C574E67-2709-4419-BD9B-57230B32B84A}.Debug|x86.Build.0 = Debug|Any CPU
		{7C574E67-2709-4419-BD9B-57230B32B84A}.Release|Any CPU.ActiveCfg = Release|Any CPU
		{7C574E67-2709-4419-BD9B-57230B32B84A}.Release|Any CPU.Build.0 = Release|Any CPU
		{7C574E67-2709-4419-BD9B-57230B32B84A}.Release|x64.ActiveCfg = Release|Any CPU
		{7C574E67-2709-4419-BD9B-57230B32B84A}.Release|x64.Build.0 = Release|Any CPU
		{7C574E67-2709-4419-BD9B-57230B32B84A}.Release|x86.ActiveCfg = Release|Any CPU
		{7C574E67-2709-4419-BD9B-57230B32B84A}.Release|x86.Build.0 = Release|Any CPU
		{0D36FF28-AFD2-480D-936E-CD201DD4CA95}.Debug|Any CPU.ActiveCfg = Debug|Any CPU
		{0D36FF28-AFD2-480D-936E-CD201DD4CA95}.Debug|Any CPU.Build.0 = Debug|Any CPU
		{0D36FF28-AFD2-480D-936E-CD201DD4CA95}.Debug|x64.ActiveCfg = Debug|Any CPU
		{0D36FF28-AFD2-480D-936E-CD201DD4CA95}.Debug|x64.Build.0 = Debug|Any CPU
		{0D36FF28-AFD2-480D-936E-CD201DD4CA95}.Debug|x86.ActiveCfg = Debug|Any CPU
		{0D36FF28-AFD2-480D-936E-CD201DD4CA95}.Debug|x86.Build.0 = Debug|Any CPU
		{0D36FF28-AFD2-480D-936E-CD201DD4CA95}.Release|Any CPU.ActiveCfg = Release|Any CPU
		{0D36FF28-AFD2-480D-936E-CD201DD4CA95}.Release|Any CPU.Build.0 = Release|Any CPU
		{0D36FF28-AFD2-480D-936E-CD201DD4CA95}.Release|x64.ActiveCfg = Release|Any CPU
		{0D36FF28-AFD2-480D-936E-CD201DD4CA95}.Release|x64.Build.0 = Release|Any CPU
		{0D36FF28-AFD2-480D-936E-CD201DD4CA95}.Release|x86.ActiveCfg = Release|Any CPU
		{0D36FF28-AFD2-480D-936E-CD201DD4CA95}.Release|x86.Build.0 = Release|Any CPU
		{AAF0CC19-2696-4DD1-AB58-C1892675F992}.Debug|Any CPU.ActiveCfg = Debug|Any CPU
		{AAF0CC19-2696-4DD1-AB58-C1892675F992}.Debug|Any CPU.Build.0 = Debug|Any CPU
		{AAF0CC19-2696-4DD1-AB58-C1892675F992}.Debug|x64.ActiveCfg = Debug|Any CPU
		{AAF0CC19-2696-4DD1-AB58-C1892675F992}.Debug|x64.Build.0 = Debug|Any CPU
		{AAF0CC19-2696-4DD1-AB58-C1892675F992}.Debug|x86.ActiveCfg = Debug|Any CPU
		{AAF0CC19-2696-4DD1-AB58-C1892675F992}.Debug|x86.Build.0 = Debug|Any CPU
		{AAF0CC19-2696-4DD1-AB58-C1892675F992}.Release|Any CPU.ActiveCfg = Release|Any CPU
		{AAF0CC19-2696-4DD1-AB58-C1892675F992}.Release|Any CPU.Build.0 = Release|Any CPU
		{AAF0CC19-2696-4DD1-AB58-C1892675F992}.Release|x64.ActiveCfg = Release|Any CPU
		{AAF0CC19-2696-4DD1-AB58-C1892675F992}.Release|x64.Build.0 = Release|Any CPU
		{AAF0CC19-2696-4DD1-AB58-C1892675F992}.Release|x86.ActiveCfg = Release|Any CPU
		{AAF0CC19-2696-4DD1-AB58-C1892675F992}.Release|x86.Build.0 = Release|Any CPU
		{C7F3DE7D-27C8-4027-B861-B2215F35B409}.Debug|Any CPU.ActiveCfg = Debug|Any CPU
		{C7F3DE7D-27C8-4027-B861-B2215F35B409}.Debug|Any CPU.Build.0 = Debug|Any CPU
		{C7F3DE7D-27C8-4027-B861-B2215F35B409}.Debug|x64.ActiveCfg = Debug|Any CPU
		{C7F3DE7D-27C8-4027-B861-B2215F35B409}.Debug|x64.Build.0 = Debug|Any CPU
		{C7F3DE7D-27C8-4027-B861-B2215F35B409}.Debug|x86.ActiveCfg = Debug|Any CPU
		{C7F3DE7D-27C8-4027-B861-B2215F35B409}.Debug|x86.Build.0 = Debug|Any CPU
		{C7F3DE7D-27C8-4027-B861-B2215F35B409}.Release|Any CPU.ActiveCfg = Release|Any CPU
		{C7F3DE7D-27C8-4027-B861-B2215F35B409}.Release|Any CPU.Build.0 = Release|Any CPU
		{C7F3DE7D-27C8-4027-B861-B2215F35B409}.Release|x64.ActiveCfg = Release|Any CPU
		{C7F3DE7D-27C8-4027-B861-B2215F35B409}.Release|x64.Build.0 = Release|Any CPU
		{C7F3DE7D-27C8-4027-B861-B2215F35B409}.Release|x86.ActiveCfg = Release|Any CPU
		{C7F3DE7D-27C8-4027-B861-B2215F35B409}.Release|x86.Build.0 = Release|Any CPU
		{59992789-05EB-4F8F-A7B5-F8F1A3C1FF3A}.Debug|Any CPU.ActiveCfg = Debug|Any CPU
		{59992789-05EB-4F8F-A7B5-F8F1A3C1FF3A}.Debug|Any CPU.Build.0 = Debug|Any CPU
		{59992789-05EB-4F8F-A7B5-F8F1A3C1FF3A}.Debug|x64.ActiveCfg = Debug|Any CPU
		{59992789-05EB-4F8F-A7B5-F8F1A3C1FF3A}.Debug|x64.Build.0 = Debug|Any CPU
		{59992789-05EB-4F8F-A7B5-F8F1A3C1FF3A}.Debug|x86.ActiveCfg = Debug|Any CPU
		{59992789-05EB-4F8F-A7B5-F8F1A3C1FF3A}.Debug|x86.Build.0 = Debug|Any CPU
		{59992789-05EB-4F8F-A7B5-F8F1A3C1FF3A}.Release|Any CPU.ActiveCfg = Release|Any CPU
		{59992789-05EB-4F8F-A7B5-F8F1A3C1FF3A}.Release|Any CPU.Build.0 = Release|Any CPU
		{59992789-05EB-4F8F-A7B5-F8F1A3C1FF3A}.Release|x64.ActiveCfg = Release|Any CPU
		{59992789-05EB-4F8F-A7B5-F8F1A3C1FF3A}.Release|x64.Build.0 = Release|Any CPU
		{59992789-05EB-4F8F-A7B5-F8F1A3C1FF3A}.Release|x86.ActiveCfg = Release|Any CPU
		{59992789-05EB-4F8F-A7B5-F8F1A3C1FF3A}.Release|x86.Build.0 = Release|Any CPU
	EndGlobalSection
	GlobalSection(SolutionProperties) = preSolution
		HideSolutionNode = FALSE
	EndGlobalSection
	GlobalSection(NestedProjects) = preSolution
		{C68C1A0B-C4C0-4DD4-AD13-027B3FD731B3} = {9A0C496D-23EC-4B35-871B-4A5F57B22F9E}
		{71FADA3B-8358-4399-A9E9-F9727793D2B9} = {C8151E28-089C-4DB8-81C9-B2B9B4B78E56}
		{DE8CF15F-C293-4E53-86BE-AD43A895992A} = {25D1B331-F773-4E01-A2E5-D3A76D6F4E1C}
		{83FB0B3B-B161-4C2A-8760-1A08E6A6B756} = {5C07C86B-AB5F-4343-8486-318914F63257}
		{63E84597-9DD8-4769-AAC6-7A7D0F86B030} = {83FB0B3B-B161-4C2A-8760-1A08E6A6B756}
		{6EA828E6-B279-4AB0-A127-61BCA8825845} = {83FB0B3B-B161-4C2A-8760-1A08E6A6B756}
		{BF1000A0-1DD1-4F97-867F-0C32141B51C7} = {83FB0B3B-B161-4C2A-8760-1A08E6A6B756}
		{59BCCABE-55E4-466A-9FC0-7C4DA046B68D} = {83FB0B3B-B161-4C2A-8760-1A08E6A6B756}
		{6F25C69B-2E33-44F4-AEE9-44E3ACCB4CEC} = {63E84597-9DD8-4769-AAC6-7A7D0F86B030}
		{E51F4F6F-72BC-4A87-A4D8-5733E4E5FEB2} = {BF1000A0-1DD1-4F97-867F-0C32141B51C7}
		{FB2C19D9-8287-4258-9A46-96B3D5504743} = {59BCCABE-55E4-466A-9FC0-7C4DA046B68D}
		{7C574E67-2709-4419-BD9B-57230B32B84A} = {6EA828E6-B279-4AB0-A127-61BCA8825845}
		{DC2F84E6-965F-416E-BC1C-37E264EC0C5A} = {5C07C86B-AB5F-4343-8486-318914F63257}
		{7CF12FF5-BC19-481B-B4FF-F380C3B8D8A8} = {DC2F84E6-965F-416E-BC1C-37E264EC0C5A}
		{E41CE721-8E75-4805-B026-4EB90B26032D} = {DC2F84E6-965F-416E-BC1C-37E264EC0C5A}
		{12B92937-C084-456B-A055-49EDB6B3E2E2} = {DC2F84E6-965F-416E-BC1C-37E264EC0C5A}
		{CEAEA71F-34D8-4C03-80A7-F40681CEF81C} = {DC2F84E6-965F-416E-BC1C-37E264EC0C5A}
		{0D36FF28-AFD2-480D-936E-CD201DD4CA95} = {7CF12FF5-BC19-481B-B4FF-F380C3B8D8A8}
		{AAF0CC19-2696-4DD1-AB58-C1892675F992} = {E41CE721-8E75-4805-B026-4EB90B26032D}
		{C7F3DE7D-27C8-4027-B861-B2215F35B409} = {CEAEA71F-34D8-4C03-80A7-F40681CEF81C}
		{59992789-05EB-4F8F-A7B5-F8F1A3C1FF3A} = {12B92937-C084-456B-A055-49EDB6B3E2E2}
	EndGlobalSection
	GlobalSection(ExtensibilityGlobals) = postSolution
		SolutionGuid = {2AE4A5D2-B3D9-4BC2-AA11-1C3C455C5393}
	EndGlobalSection
EndGlobal
